
Microsoft Visual Studio Solution File, Format Version 12.00
# Visual Studio Version 16
VisualStudioVersion = 16.0.29306.81
MinimumVisualStudioVersion = 10.0.40219.1
Project("{FAE04EC0-301F-11D3-BF4B-00C04F79EFBC}") = "tähtitehtävä", "tähtitehtävä\tähtitehtävä.csproj", "{456CF7F1-3879-40A8-8688-0806628C3BE7}"
EndProject
Global
	GlobalSection(SolutionConfigurationPlatforms) = preSolution
		Debug|Any CPU = Debug|Any CPU
		Release|Any CPU = Release|Any CPU
	EndGlobalSection
	GlobalSection(ProjectConfigurationPlatforms) = postSolution
		{456CF7F1-3879-40A8-8688-0806628C3BE7}.Debug|Any CPU.ActiveCfg = Debug|Any CPU
		{456CF7F1-3879-40A8-8688-0806628C3BE7}.Debug|Any CPU.Build.0 = Debug|Any CPU
		{456CF7F1-3879-40A8-8688-0806628C3BE7}.Release|Any CPU.ActiveCfg = Release|Any CPU
		{456CF7F1-3879-40A8-8688-0806628C3BE7}.Release|Any CPU.Build.0 = Release|Any CPU
	EndGlobalSection
	GlobalSection(SolutionProperties) = preSolution
		HideSolutionNode = FALSE
	EndGlobalSection
	GlobalSection(ExtensibilityGlobals) = postSolution
		SolutionGuid = {16FEA6C6-A1FE-461A-B96D-DE4B23AA6CEF}
	EndGlobalSection
EndGlobal
