
Microsoft Visual Studio Solution File, Format Version 12.00
# Visual Studio Version 16
VisualStudioVersion = 16.0.29306.81
MinimumVisualStudioVersion = 10.0.40219.1
Project("{9A19103F-16F7-4668-BE54-9A1E7A4F7556}") = "Taulukko3", "Taulukko3.csproj", "{43FA036B-1965-410B-B8F2-8FDA837C345E}"
EndProject
Project("{FAE04EC0-301F-11D3-BF4B-00C04F79EFBC}") = "Taulukko 3.2", "..\Taulukko 3.2\Taulukko 3.2.csproj", "{2F96B014-83EF-4D33-8286-465E93CE3281}"
EndProject
Global
	GlobalSection(SolutionConfigurationPlatforms) = preSolution
		Debug|Any CPU = Debug|Any CPU
		Release|Any CPU = Release|Any CPU
	EndGlobalSection
	GlobalSection(ProjectConfigurationPlatforms) = postSolution
		{43FA036B-1965-410B-B8F2-8FDA837C345E}.Debug|Any CPU.ActiveCfg = Debug|Any CPU
		{43FA036B-1965-410B-B8F2-8FDA837C345E}.Debug|Any CPU.Build.0 = Debug|Any CPU
		{43FA036B-1965-410B-B8F2-8FDA837C345E}.Release|Any CPU.ActiveCfg = Release|Any CPU
		{43FA036B-1965-410B-B8F2-8FDA837C345E}.Release|Any CPU.Build.0 = Release|Any CPU
		{2F96B014-83EF-4D33-8286-465E93CE3281}.Debug|Any CPU.ActiveCfg = Debug|Any CPU
		{2F96B014-83EF-4D33-8286-465E93CE3281}.Debug|Any CPU.Build.0 = Debug|Any CPU
		{2F96B014-83EF-4D33-8286-465E93CE3281}.Release|Any CPU.ActiveCfg = Release|Any CPU
		{2F96B014-83EF-4D33-8286-465E93CE3281}.Release|Any CPU.Build.0 = Release|Any CPU
	EndGlobalSection
	GlobalSection(SolutionProperties) = preSolution
		HideSolutionNode = FALSE
	EndGlobalSection
	GlobalSection(ExtensibilityGlobals) = postSolution
		SolutionGuid = {02E3636E-6236-46F7-B45B-0CB9A983AF20}
	EndGlobalSection
EndGlobal
